// !$*UTF8*$!
{
	archiveVersion = 1;
	classes = {
	};
	objectVersion = 46;
	objects = {

/* Begin PBXBuildFile section */
		84F297401E49AD8300CC4881 /* AppDelegate.m in Sources */ = {isa = PBXBuildFile; fileRef = 84F2973F1E49AD8300CC4881 /* AppDelegate.m */; };
		84F297431E49AD8300CC4881 /* main.m in Sources */ = {isa = PBXBuildFile; fileRef = 84F297421E49AD8300CC4881 /* main.m */; };
		84F297451E49AD8300CC4881 /* Assets.xcassets in Resources */ = {isa = PBXBuildFile; fileRef = 84F297441E49AD8300CC4881 /* Assets.xcassets */; };
		84F297481E49AD8300CC4881 /* MainMenu.xib in Resources */ = {isa = PBXBuildFile; fileRef = 84F297461E49AD8300CC4881 /* MainMenu.xib */; };
		84F297531E49AD8400CC4881 /* _____Tests.m in Sources */ = {isa = PBXBuildFile; fileRef = 84F297521E49AD8400CC4881 /* _____Tests.m */; };
		84F2975E1E49AD8400CC4881 /* _____UITests.m in Sources */ = {isa = PBXBuildFile; fileRef = 84F2975D1E49AD8400CC4881 /* _____UITests.m */; };
		84F2976D1E49ADA100CC4881 /* FlashTextField.m in Sources */ = {isa = PBXBuildFile; fileRef = 84F2976C1E49ADA100CC4881 /* FlashTextField.m */; };
/* End PBXBuildFile section */

/* Begin PBXContainerItemProxy section */
		84F2974F1E49AD8400CC4881 /* PBXContainerItemProxy */ = {
			isa = PBXContainerItemProxy;
			containerPortal = 84F297331E49AD8300CC4881 /* Project object */;
			proxyType = 1;
			remoteGlobalIDString = 84F2973A1E49AD8300CC4881;
			remoteInfo = "闪烁的文字";
		};
		84F2975A1E49AD8400CC4881 /* PBXContainerItemProxy */ = {
			isa = PBXContainerItemProxy;
			containerPortal = 84F297331E49AD8300CC4881 /* Project object */;
			proxyType = 1;
			remoteGlobalIDString = 84F2973A1E49AD8300CC4881;
			remoteInfo = "闪烁的文字";
		};
/* End PBXContainerItemProxy section */

/* Begin PBXFileReference section */
		84F2973B1E49AD8300CC4881 /* 闪烁的文字.app */ = {isa = PBXFileReference; explicitFileType = wrapper.application; includeInIndex = 0; path = "闪烁的文字.app"; sourceTree = BUILT_PRODUCTS_DIR; };
		84F2973E1E49AD8300CC4881 /* AppDelegate.h */ = {isa = PBXFileReference; lastKnownFileType = sourcecode.c.h; path = AppDelegate.h; sourceTree = "<group>"; };
		84F2973F1E49AD8300CC4881 /* AppDelegate.m */ = {isa = PBXFileReference; lastKnownFileType = sourcecode.c.objc; path = AppDelegate.m; sourceTree = "<group>"; };
		84F297421E49AD8300CC4881 /* main.m */ = {isa = PBXFileReference; lastKnownFileType = sourcecode.c.objc; path = main.m; sourceTree = "<group>"; };
		84F297441E49AD8300CC4881 /* Assets.xcassets */ = {isa = PBXFileReference; lastKnownFileType = folder.assetcatalog; path = Assets.xcassets; sourceTree = "<group>"; };
		84F297471E49AD8300CC4881 /* Base */ = {isa = PBXFileReference; lastKnownFileType = file.xib; name = Base; path = Base.lproj/MainMenu.xib; sourceTree = "<group>"; };
		84F297491E49AD8300CC4881 /* Info.plist */ = {isa = PBXFileReference; lastKnownFileType = text.plist.xml; path = Info.plist; sourceTree = "<group>"; };
		84F2974E1E49AD8400CC4881 /* 闪烁的文字Tests.xctest */ = {isa = PBXFileReference; explicitFileType = wrapper.cfbundle; includeInIndex = 0; path = "闪烁的文字Tests.xctest"; sourceTree = BUILT_PRODUCTS_DIR; };
		84F297521E49AD8400CC4881 /* _____Tests.m */ = {isa = PBXFileReference; lastKnownFileType = sourcecode.c.objc; path = "_____Tests.m"; sourceTree = "<group>"; };
		84F297541E49AD8400CC4881 /* Info.plist */ = {isa = PBXFileReference; lastKnownFileType = text.plist.xml; path = Info.plist; sourceTree = "<group>"; };
		84F297591E49AD8400CC4881 /* 闪烁的文字UITests.xctest */ = {isa = PBXFileReference; explicitFileType = wrapper.cfbundle; includeInIndex = 0; path = "闪烁的文字UITests.xctest"; sourceTree = BUILT_PRODUCTS_DIR; };
		84F2975D1E49AD8400CC4881 /* _____UITests.m */ = {isa = PBXFileReference; lastKnownFileType = sourcecode.c.objc; path = "_____UITests.m"; sourceTree = "<group>"; };
		84F2975F1E49AD8400CC4881 /* Info.plist */ = {isa = PBXFileReference; lastKnownFileType = text.plist.xml; path = Info.plist; sourceTree = "<group>"; };
		84F2976B1E49ADA100CC4881 /* FlashTextField.h */ = {isa = PBXFileReference; fileEncoding = 4; lastKnownFileType = sourcecode.c.h; path = FlashTextField.h; sourceTree = "<group>"; };
		84F2976C1E49ADA100CC4881 /* FlashTextField.m */ = {isa = PBXFileReference; fileEncoding = 4; lastKnownFileType = sourcecode.c.objc; path = FlashTextField.m; sourceTree = "<group>"; };
/* End PBXFileReference section */

/* Begin PBXFrameworksBuildPhase section */
		84F297381E49AD8300CC4881 /* Frameworks */ = {
			isa = PBXFrameworksBuildPhase;
			buildActionMask = 2147483647;
			files = (
			);
			runOnlyForDeploymentPostprocessing = 0;
		};
		84F2974B1E49AD8400CC4881 /* Frameworks */ = {
			isa = PBXFrameworksBuildPhase;
			buildActionMask = 2147483647;
			files = (
			);
			runOnlyForDeploymentPostprocessing = 0;
		};
		84F297561E49AD8400CC4881 /* Frameworks */ = {
			isa = PBXFrameworksBuildPhase;
			buildActionMask = 2147483647;
			files = (
			);
			runOnlyForDeploymentPostprocessing = 0;
		};
/* End PBXFrameworksBuildPhase section */

/* Begin PBXGroup section */
		84F297321E49AD8300CC4881 = {
			isa = PBXGroup;
			children = (
				84F2973D1E49AD8300CC4881 /* 闪烁的文字 */,
				84F297511E49AD8400CC4881 /* 闪烁的文字Tests */,
				84F2975C1E49AD8400CC4881 /* 闪烁的文字UITests */,
				84F2973C1E49AD8300CC4881 /* Products */,
			);
			sourceTree = "<group>";
		};
		84F2973C1E49AD8300CC4881 /* Products */ = {
			isa = PBXGroup;
			children = (
				84F2973B1E49AD8300CC4881 /* 闪烁的文字.app */,
				84F2974E1E49AD8400CC4881 /* 闪烁的文字Tests.xctest */,
				84F297591E49AD8400CC4881 /* 闪烁的文字UITests.xctest */,
			);
			name = Products;
			sourceTree = "<group>";
		};
		84F2973D1E49AD8300CC4881 /* 闪烁的文字 */ = {
			isa = PBXGroup;
			children = (
				84F2976B1E49ADA100CC4881 /* FlashTextField.h */,
				84F2976C1E49ADA100CC4881 /* FlashTextField.m */,
				84F2973E1E49AD8300CC4881 /* AppDelegate.h */,
				84F2973F1E49AD8300CC4881 /* AppDelegate.m */,
				84F297441E49AD8300CC4881 /* Assets.xcassets */,
				84F297461E49AD8300CC4881 /* MainMenu.xib */,
				84F297491E49AD8300CC4881 /* Info.plist */,
				84F297411E49AD8300CC4881 /* Supporting Files */,
			);
			path = "闪烁的文字";
			sourceTree = "<group>";
		};
		84F297411E49AD8300CC4881 /* Supporting Files */ = {
			isa = PBXGroup;
			children = (
				84F297421E49AD8300CC4881 /* main.m */,
			);
			name = "Supporting Files";
			sourceTree = "<group>";
		};
		84F297511E49AD8400CC4881 /* 闪烁的文字Tests */ = {
			isa = PBXGroup;
			children = (
				84F297521E49AD8400CC4881 /* _____Tests.m */,
				84F297541E49AD8400CC4881 /* Info.plist */,
			);
			path = "闪烁的文字Tests";
			sourceTree = "<group>";
		};
		84F2975C1E49AD8400CC4881 /* 闪烁的文字UITests */ = {
			isa = PBXGroup;
			children = (
				84F2975D1E49AD8400CC4881 /* _____UITests.m */,
				84F2975F1E49AD8400CC4881 /* Info.plist */,
			);
			path = "闪烁的文字UITests";
			sourceTree = "<group>";
		};
/* End PBXGroup section */

/* Begin PBXNativeTarget section */
		84F2973A1E49AD8300CC4881 /* 闪烁的文字 */ = {
			isa = PBXNativeTarget;
			buildConfigurationList = 84F297621E49AD8400CC4881 /* Build configuration list for PBXNativeTarget "闪烁的文字" */;
			buildPhases = (
				84F297371E49AD8300CC4881 /* Sources */,
				84F297381E49AD8300CC4881 /* Frameworks */,
				84F297391E49AD8300CC4881 /* Resources */,
			);
			buildRules = (
			);
			dependencies = (
			);
			name = "闪烁的文字";
			productName = "闪烁的文字";
			productReference = 84F2973B1E49AD8300CC4881 /* 闪烁的文字.app */;
			productType = "com.apple.product-type.application";
		};
		84F2974D1E49AD8400CC4881 /* 闪烁的文字Tests */ = {
			isa = PBXNativeTarget;
			buildConfigurationList = 84F297651E49AD8400CC4881 /* Build configuration list for PBXNativeTarget "闪烁的文字Tests" */;
			buildPhases = (
				84F2974A1E49AD8400CC4881 /* Sources */,
				84F2974B1E49AD8400CC4881 /* Frameworks */,
				84F2974C1E49AD8400CC4881 /* Resources */,
			);
			buildRules = (
			);
			dependencies = (
				84F297501E49AD8400CC4881 /* PBXTargetDependency */,
			);
			name = "闪烁的文字Tests";
			productName = "闪烁的文字Tests";
			productReference = 84F2974E1E49AD8400CC4881 /* 闪烁的文字Tests.xctest */;
			productType = "com.apple.product-type.bundle.unit-test";
		};
		84F297581E49AD8400CC4881 /* 闪烁的文字UITests */ = {
			isa = PBXNativeTarget;
			buildConfigurationList = 84F297681E49AD8400CC4881 /* Build configuration list for PBXNativeTarget "闪烁的文字UITests" */;
			buildPhases = (
				84F297551E49AD8400CC4881 /* Sources */,
				84F297561E49AD8400CC4881 /* Frameworks */,
				84F297571E49AD8400CC4881 /* Resources */,
			);
			buildRules = (
			);
			dependencies = (
				84F2975B1E49AD8400CC4881 /* PBXTargetDependency */,
			);
			name = "闪烁的文字UITests";
			productName = "闪烁的文字UITests";
			productReference = 84F297591E49AD8400CC4881 /* 闪烁的文字UITests.xctest */;
			productType = "com.apple.product-type.bundle.ui-testing";
		};
/* End PBXNativeTarget section */

/* Begin PBXProject section */
		84F297331E49AD8300CC4881 /* Project object */ = {
			isa = PBXProject;
			attributes = {
				LastUpgradeCheck = 0730;
				ORGANIZATIONNAME = admin;
				TargetAttributes = {
					84F2973A1E49AD8300CC4881 = {
						CreatedOnToolsVersion = 7.3;
					};
					84F2974D1E49AD8400CC4881 = {
						CreatedOnToolsVersion = 7.3;
						TestTargetID = 84F2973A1E49AD8300CC4881;
					};
					84F297581E49AD8400CC4881 = {
						CreatedOnToolsVersion = 7.3;
						TestTargetID = 84F2973A1E49AD8300CC4881;
					};
				};
			};
			buildConfigurationList = 84F297361E49AD8300CC4881 /* Build configuration list for PBXProject "闪烁的文字" */;
			compatibilityVersion = "Xcode 3.2";
			developmentRegion = English;
			hasScannedForEncodings = 0;
			knownRegions = (
				en,
				Base,
			);
			mainGroup = 84F297321E49AD8300CC4881;
			productRefGroup = 84F2973C1E49AD8300CC4881 /* Products */;
			projectDirPath = "";
			projectRoot = "";
			targets = (
				84F2973A1E49AD8300CC4881 /* 闪烁的文字 */,
				84F2974D1E49AD8400CC4881 /* 闪烁的文字Tests */,
				84F297581E49AD8400CC4881 /* 闪烁的文字UITests */,
			);
		};
/* End PBXProject section */

/* Begin PBXResourcesBuildPhase section */
		84F297391E49AD8300CC4881 /* Resources */ = {
			isa = PBXResourcesBuildPhase;
			buildActionMask = 2147483647;
			files = (
				84F297451E49AD8300CC4881 /* Assets.xcassets in Resources */,
				84F297481E49AD8300CC4881 /* MainMenu.xib in Resources */,
			);
			runOnlyForDeploymentPostprocessing = 0;
		};
		84F2974C1E49AD8400CC4881 /* Resources */ = {
			isa = PBXResourcesBuildPhase;
			buildActionMask = 2147483647;
			files = (
			);
			runOnlyForDeploymentPostprocessing = 0;
		};
		84F297571E49AD8400CC4881 /* Resources */ = {
			isa = PBXResourcesBuildPhase;
			buildActionMask = 2147483647;
			files = (
			);
			runOnlyForDeploymentPostprocessing = 0;
		};
/* End PBXResourcesBuildPhase section */

/* Begin PBXSourcesBuildPhase section */
		84F297371E49AD8300CC4881 /* Sources */ = {
			isa = PBXSourcesBuildPhase;
			buildActionMask = 2147483647;
			files = (
				84F297431E49AD8300CC4881 /* main.m in Sources */,
				84F297401E49AD8300CC4881 /* AppDelegate.m in Sources */,
				84F2976D1E49ADA100CC4881 /* FlashTextField.m in Sources */,
			);
			runOnlyForDeploymentPostprocessing = 0;
		};
		84F2974A1E49AD8400CC4881 /* Sources */ = {
			isa = PBXSourcesBuildPhase;
			buildActionMask = 2147483647;
			files = (
				84F297531E49AD8400CC4881 /* _____Tests.m in Sources */,
			);
			runOnlyForDeploymentPostprocessing = 0;
		};
		84F297551E49AD8400CC4881 /* Sources */ = {
			isa = PBXSourcesBuildPhase;
			buildActionMask = 2147483647;
			files = (
				84F2975E1E49AD8400CC4881 /* _____UITests.m in Sources */,
			);
			runOnlyForDeploymentPostprocessing = 0;
		};
/* End PBXSourcesBuildPhase section */

/* Begin PBXTargetDependency section */
		84F297501E49AD8400CC4881 /* PBXTargetDependency */ = {
			isa = PBXTargetDependency;
			target = 84F2973A1E49AD8300CC4881 /* 闪烁的文字 */;
			targetProxy = 84F2974F1E49AD8400CC4881 /* PBXContainerItemProxy */;
		};
		84F2975B1E49AD8400CC4881 /* PBXTargetDependency */ = {
			isa = PBXTargetDependency;
			target = 84F2973A1E49AD8300CC4881 /* 闪烁的文字 */;
			targetProxy = 84F2975A1E49AD8400CC4881 /* PBXContainerItemProxy */;
		};
/* End PBXTargetDependency section */

/* Begin PBXVariantGroup section */
		84F297461E49AD8300CC4881 /* MainMenu.xib */ = {
			isa = PBXVariantGroup;
			children = (
				84F297471E49AD8300CC4881 /* Base */,
			);
			name = MainMenu.xib;
			sourceTree = "<group>";
		};
/* End PBXVariantGroup section */

/* Begin XCBuildConfiguration section */
		84F297601E49AD8400CC4881 /* Debug */ = {
			isa = XCBuildConfiguration;
			buildSettings = {
				ALWAYS_SEARCH_USER_PATHS = NO;
				CLANG_ANALYZER_NONNULL = YES;
				CLANG_CXX_LANGUAGE_STANDARD = "gnu++0x";
				CLANG_CXX_LIBRARY = "libc++";
				CLANG_ENABLE_MODULES = YES;
				CLANG_ENABLE_OBJC_ARC = YES;
				CLANG_WARN_BOOL_CONVERSION = YES;
				CLANG_WARN_CONSTANT_CONVERSION = YES;
				CLANG_WARN_DIRECT_OBJC_ISA_USAGE = YES_ERROR;
				CLANG_WARN_EMPTY_BODY = YES;
				CLANG_WARN_ENUM_CONVERSION = YES;
				CLANG_WARN_INT_CONVERSION = YES;
				CLANG_WARN_OBJC_ROOT_CLASS = YES_ERROR;
				CLANG_WARN_UNREACHABLE_CODE = YES;
				CLANG_WARN__DUPLICATE_METHOD_MATCH = YES;
				CODE_SIGN_IDENTITY = "-";
				COPY_PHASE_STRIP = NO;
				DEBUG_INFORMATION_FORMAT = dwarf;
				ENABLE_STRICT_OBJC_MSGSEND = YES;
				ENABLE_TESTABILITY = YES;
				GCC_C_LANGUAGE_STANDARD = gnu99;
				GCC_DYNAMIC_NO_PIC = NO;
				GCC_NO_COMMON_BLOCKS = YES;
				GCC_OPTIMIZATION_LEVEL = 0;
				GCC_PREPROCESSOR_DEFINITIONS = (
					"DEBUG=1",
					"$(inherited)",
				);
				GCC_WARN_64_TO_32_BIT_CONVERSION = YES;
				GCC_WARN_ABOUT_RETURN_TYPE = YES_ERROR;
				GCC_WARN_UNDECLARED_SELECTOR = YES;
				GCC_WARN_UNINITIALIZED_AUTOS = YES_AGGRESSIVE;
				GCC_WARN_UNUSED_FUNCTION = YES;
				GCC_WARN_UNUSED_VARIABLE = YES;
				MACOSX_DEPLOYMENT_TARGET = 10.11;
				MTL_ENABLE_DEBUG_INFO = YES;
				ONLY_ACTIVE_ARCH = YES;
				SDKROOT = macosx;
			};
			name = Debug;
		};
		84F297611E49AD8400CC4881 /* Release */ = {
			isa = XCBuildConfiguration;
			buildSettings = {
				ALWAYS_SEARCH_USER_PATHS = NO;
				CLANG_ANALYZER_NONNULL = YES;
				CLANG_CXX_LANGUAGE_STANDARD = "gnu++0x";
				CLANG_CXX_LIBRARY = "libc++";
				CLANG_ENABLE_MODULES = YES;
				CLANG_ENABLE_OBJC_ARC = YES;
				CLANG_WARN_BOOL_CONVERSION = YES;
				CLANG_WARN_CONSTANT_CONVERSION = YES;
				CLANG_WARN_DIRECT_OBJC_ISA_USAGE = YES_ERROR;
				CLANG_WARN_EMPTY_BODY = YES;
				CLANG_WARN_ENUM_CONVERSION = YES;
				CLANG_WARN_INT_CONVERSION = YES;
				CLANG_WARN_OBJC_ROOT_CLASS = YES_ERROR;
				CLANG_WARN_UNREACHABLE_CODE = YES;
				CLANG_WARN__DUPLICATE_METHOD_MATCH = YES;
				CODE_SIGN_IDENTITY = "-";
				COPY_PHASE_STRIP = NO;
				DEBUG_INFORMATION_FORMAT = "dwarf-with-dsym";
				ENABLE_NS_ASSERTIONS = NO;
				ENABLE_STRICT_OBJC_MSGSEND = YES;
				GCC_C_LANGUAGE_STANDARD = gnu99;
				GCC_NO_COMMON_BLOCKS = YES;
				GCC_WARN_64_TO_32_BIT_CONVERSION = YES;
				GCC_WARN_ABOUT_RETURN_TYPE = YES_ERROR;
				GCC_WARN_UNDECLARED_SELECTOR = YES;
				GCC_WARN_UNINITIALIZED_AUTOS = YES_AGGRESSIVE;
				GCC_WARN_UNUSED_FUNCTION = YES;
				GCC_WARN_UNUSED_VARIABLE = YES;
				MACOSX_DEPLOYMENT_TARGET = 10.11;
				MTL_ENABLE_DEBUG_INFO = NO;
				SDKROOT = macosx;
			};
			name = Release;
		};
		84F297631E49AD8400CC4881 /* Debug */ = {
			isa = XCBuildConfiguration;
			buildSettings = {
				ASSETCATALOG_COMPILER_APPICON_NAME = AppIcon;
				COMBINE_HIDPI_IMAGES = YES;
				INFOPLIST_FILE = "闪烁的文字/Info.plist";
				LD_RUNPATH_SEARCH_PATHS = "$(inherited) @executable_path/../Frameworks";
				PRODUCT_BUNDLE_IDENTIFIER = "com.aifro.-----";
				PRODUCT_NAME = "$(TARGET_NAME)";
			};
			name = Debug;
		};
		84F297641E49AD8400CC4881 /* Release */ = {
			isa = XCBuildConfiguration;
			buildSettings = {
				ASSETCATALOG_COMPILER_APPICON_NAME = AppIcon;
				COMBINE_HIDPI_IMAGES = YES;
				INFOPLIST_FILE = "闪烁的文字/Info.plist";
				LD_RUNPATH_SEARCH_PATHS = "$(inherited) @executable_path/../Frameworks";
				PRODUCT_BUNDLE_IDENTIFIER = "com.aifro.-----";
				PRODUCT_NAME = "$(TARGET_NAME)";
			};
			name = Release;
		};
		84F297661E49AD8400CC4881 /* Debug */ = {
			isa = XCBuildConfiguration;
			buildSettings = {
				BUNDLE_LOADER = "$(TEST_HOST)";
				COMBINE_HIDPI_IMAGES = YES;
				INFOPLIST_FILE = "闪烁的文字Tests/Info.plist";
				LD_RUNPATH_SEARCH_PATHS = "$(inherited) @executable_path/../Frameworks @loader_path/../Frameworks";
				PRODUCT_BUNDLE_IDENTIFIER = "com.aifro.-----Tests";
				PRODUCT_NAME = "$(TARGET_NAME)";
				TEST_HOST = "$(BUILT_PRODUCTS_DIR)/闪烁的文字.app/Contents/MacOS/闪烁的文字";
			};
			name = Debug;
		};
		84F297671E49AD8400CC4881 /* Release */ = {
			isa = XCBuildConfiguration;
			buildSettings = {
				BUNDLE_LOADER = "$(TEST_HOST)";
				COMBINE_HIDPI_IMAGES = YES;
				INFOPLIST_FILE = "闪烁的文字Tests/Info.plist";
				LD_RUNPATH_SEARCH_PATHS = "$(inherited) @executable_path/../Frameworks @loader_path/../Frameworks";
				PRODUCT_BUNDLE_IDENTIFIER = "com.aifro.-----Tests";
				PRODUCT_NAME = "$(TARGET_NAME)";
				TEST_HOST = "$(BUILT_PRODUCTS_DIR)/闪烁的文字.app/Contents/MacOS/闪烁的文字";
			};
			name = Release;
		};
		84F297691E49AD8400CC4881 /* Debug */ = {
			isa = XCBuildConfiguration;
			buildSettings = {
				COMBINE_HIDPI_IMAGES = YES;
				INFOPLIST_FILE = "闪烁的文字UITests/Info.plist";
				LD_RUNPATH_SEARCH_PATHS = "$(inherited) @executable_path/../Frameworks @loader_path/../Frameworks";
				PRODUCT_BUNDLE_IDENTIFIER = "com.aifro.-----UITests";
				PRODUCT_NAME = "$(TARGET_NAME)";
				TEST_TARGET_NAME = "闪烁的文字";
			};
			name = Debug;
		};
		84F2976A1E49AD8400CC4881 /* Release */ = {
			isa = XCBuildConfiguration;
			buildSettings = {
				COMBINE_HIDPI_IMAGES = YES;
				INFOPLIST_FILE = "闪烁的文字UITests/Info.plist";
				LD_RUNPATH_SEARCH_PATHS = "$(inherited) @executable_path/../Frameworks @loader_path/../Frameworks";
				PRODUCT_BUNDLE_IDENTIFIER = "com.aifro.-----UITests";
				PRODUCT_NAME = "$(TARGET_NAME)";
				TEST_TARGET_NAME = "闪烁的文字";
			};
			name = Release;
		};
/* End XCBuildConfiguration section */

/* Begin XCConfigurationList section */
		84F297361E49AD8300CC4881 /* Build configuration list for PBXProject "闪烁的文字" */ = {
			isa = XCConfigurationList;
			buildConfigurations = (
				84F297601E49AD8400CC4881 /* Debug */,
				84F297611E49AD8400CC4881 /* Release */,
			);
			defaultConfigurationIsVisible = 0;
			defaultConfigurationName = Release;
		};
		84F297621E49AD8400CC4881 /* Build configuration list for PBXNativeTarget "闪烁的文字" */ = {
			isa = XCConfigurationList;
			buildConfigurations = (
				84F297631E49AD8400CC4881 /* Debug */,
				84F297641E49AD8400CC4881 /* Release */,
			);
			defaultConfigurationIsVisible = 0;
		};
		84F297651E49AD8400CC4881 /* Build configuration list for PBXNativeTarget "闪烁的文字Tests" */ = {
			isa = XCConfigurationList;
			buildConfigurations = (
				84F297661E49AD8400CC4881 /* Debug */,
				84F297671E49AD8400CC4881 /* Release */,
			);
			defaultConfigurationIsVisible = 0;
		};
		84F297681E49AD8400CC4881 /* Build configuration list for PBXNativeTarget "闪烁的文字UITests" */ = {
			isa = XCConfigurationList;
			buildConfigurations = (
				84F297691E49AD8400CC4881 /* Debug */,
				84F2976A1E49AD8400CC4881 /* Release */,
			);
			defaultConfigurationIsVisible = 0;
		};
/* End XCConfigurationList section */
	};
	rootObject = 84F297331E49AD8300CC4881 /* Project object */;
}
